// !$*UTF8*$!
{
	archiveVersion = 1;
	classes = {
	};
	objectVersion = 55;
	objects = {

/* Begin PBXBuildFile section */
		0E1FA39927EF1D6B00372F34 /* AddNewNoteView.swift in Sources */ = {isa = PBXBuildFile; fileRef = 0E1FA39827EF1D6B00372F34 /* AddNewNoteView.swift */; };
		0E4655A227F0136E0024059C /* TextInputView.swift in Sources */ = {isa = PBXBuildFile; fileRef = 0E4655A127F0136E0024059C /* TextInputView.swift */; };
		0E4655A527F01F220024059C /* IQKeyboardManagerSwift in Frameworks */ = {isa = PBXBuildFile; productRef = 0E4655A427F01F220024059C /* IQKeyboardManagerSwift */; };
		0E4655A727F02C0B0024059C /* UITextViewExtensions.swift in Sources */ = {isa = PBXBuildFile; fileRef = 0E4655A627F02C0B0024059C /* UITextViewExtensions.swift */; };
		0E62F4B427EEC973009EC224 /* NoteTakingApp.swift in Sources */ = {isa = PBXBuildFile; fileRef = 0E62F4B327EEC973009EC224 /* NoteTakingApp.swift */; };
		0E62F4B827EEC976009EC224 /* Assets.xcassets in Resources */ = {isa = PBXBuildFile; fileRef = 0E62F4B727EEC976009EC224 /* Assets.xcassets */; };
		0E62F4BB27EEC976009EC224 /* Preview Assets.xcassets in Resources */ = {isa = PBXBuildFile; fileRef = 0E62F4BA27EEC976009EC224 /* Preview Assets.xcassets */; };
		0E62F4C427EECA0F009EC224 /* HomeView.swift in Sources */ = {isa = PBXBuildFile; fileRef = 0E62F4C327EECA0F009EC224 /* HomeView.swift */; };
		0E62F4C727EECEC8009EC224 /* Colors.swift in Sources */ = {isa = PBXBuildFile; fileRef = 0E62F4C627EECEC8009EC224 /* Colors.swift */; };
		0E62F4CA27EED0FB009EC224 /* ColorExtension.swift in Sources */ = {isa = PBXBuildFile; fileRef = 0E62F4C927EED0FB009EC224 /* ColorExtension.swift */; };
		0E62F4CE27EEDA7F009EC224 /* GroupNoteModel.swift in Sources */ = {isa = PBXBuildFile; fileRef = 0E62F4CD27EEDA7F009EC224 /* GroupNoteModel.swift */; };
		0E62F4D027EEDB14009EC224 /* NoteModel.swift in Sources */ = {isa = PBXBuildFile; fileRef = 0E62F4CF27EEDB14009EC224 /* NoteModel.swift */; };
		0E62F4D327EEE0D0009EC224 /* HomeViewModel.swift in Sources */ = {isa = PBXBuildFile; fileRef = 0E62F4D227EEE0D0009EC224 /* HomeViewModel.swift */; };
		0E62F4D727EEE7E6009EC224 /* GroupNoteView.swift in Sources */ = {isa = PBXBuildFile; fileRef = 0E62F4D627EEE7E6009EC224 /* GroupNoteView.swift */; };
		0EA6EDD7280131C9001C9676 /* ViewExtensions.swift in Sources */ = {isa = PBXBuildFile; fileRef = 0EA6EDD6280131C9001C9676 /* ViewExtensions.swift */; };
		0EA6EDDA28013417001C9676 /* AddNewNoteViewModel.swift in Sources */ = {isa = PBXBuildFile; fileRef = 0EA6EDD928013417001C9676 /* AddNewNoteViewModel.swift */; };
		0EA6EDDE28014B7C001C9676 /* VerticalIndicatorView.swift in Sources */ = {isa = PBXBuildFile; fileRef = 0EA6EDDD28014B7C001C9676 /* VerticalIndicatorView.swift */; };
/* End PBXBuildFile section */

/* Begin PBXFileReference section */
		0E1FA39827EF1D6B00372F34 /* AddNewNoteView.swift */ = {isa = PBXFileReference; lastKnownFileType = sourcecode.swift; path = AddNewNoteView.swift; sourceTree = "<group>"; };
		0E4655A127F0136E0024059C /* TextInputView.swift */ = {isa = PBXFileReference; lastKnownFileType = sourcecode.swift; path = TextInputView.swift; sourceTree = "<group>"; };
		0E4655A627F02C0B0024059C /* UITextViewExtensions.swift */ = {isa = PBXFileReference; lastKnownFileType = sourcecode.swift; path = UITextViewExtensions.swift; sourceTree = "<group>"; };
		0E62F4B027EEC973009EC224 /* NoteTaking.app */ = {isa = PBXFileReference; explicitFileType = wrapper.application; includeInIndex = 0; path = NoteTaking.app; sourceTree = BUILT_PRODUCTS_DIR; };
		0E62F4B327EEC973009EC224 /* NoteTakingApp.swift */ = {isa = PBXFileReference; lastKnownFileType = sourcecode.swift; path = NoteTakingApp.swift; sourceTree = "<group>"; };
		0E62F4B727EEC976009EC224 /* Assets.xcassets */ = {isa = PBXFileReference; lastKnownFileType = folder.assetcatalog; path = Assets.xcassets; sourceTree = "<group>"; };
		0E62F4BA27EEC976009EC224 /* Preview Assets.xcassets */ = {isa = PBXFileReference; lastKnownFileType = folder.assetcatalog; path = "Preview Assets.xcassets"; sourceTree = "<group>"; };
		0E62F4C327EECA0F009EC224 /* HomeView.swift */ = {isa = PBXFileReference; lastKnownFileType = sourcecode.swift; path = HomeView.swift; sourceTree = "<group>"; };
		0E62F4C627EECEC8009EC224 /* Colors.swift */ = {isa = PBXFileReference; lastKnownFileType = sourcecode.swift; path = Colors.swift; sourceTree = "<group>"; };
		0E62F4C927EED0FB009EC224 /* ColorExtension.swift */ = {isa = PBXFileReference; lastKnownFileType = sourcecode.swift; path = ColorExtension.swift; sourceTree = "<group>"; };
		0E62F4CD27EEDA7F009EC224 /* GroupNoteModel.swift */ = {isa = PBXFileReference; lastKnownFileType = sourcecode.swift; path = GroupNoteModel.swift; sourceTree = "<group>"; };
		0E62F4CF27EEDB14009EC224 /* NoteModel.swift */ = {isa = PBXFileReference; lastKnownFileType = sourcecode.swift; path = NoteModel.swift; sourceTree = "<group>"; };
		0E62F4D227EEE0D0009EC224 /* HomeViewModel.swift */ = {isa = PBXFileReference; lastKnownFileType = sourcecode.swift; path = HomeViewModel.swift; sourceTree = "<group>"; };
		0E62F4D627EEE7E6009EC224 /* GroupNoteView.swift */ = {isa = PBXFileReference; lastKnownFileType = sourcecode.swift; path = GroupNoteView.swift; sourceTree = "<group>"; };
		0EA6EDD6280131C9001C9676 /* ViewExtensions.swift */ = {isa = PBXFileReference; lastKnownFileType = sourcecode.swift; path = ViewExtensions.swift; sourceTree = "<group>"; };
		0EA6EDD928013417001C9676 /* AddNewNoteViewModel.swift */ = {isa = PBXFileReference; lastKnownFileType = sourcecode.swift; path = AddNewNoteViewModel.swift; sourceTree = "<group>"; };
		0EA6EDDD28014B7C001C9676 /* VerticalIndicatorView.swift */ = {isa = PBXFileReference; lastKnownFileType = sourcecode.swift; path = VerticalIndicatorView.swift; sourceTree = "<group>"; };
/* End PBXFileReference section */

/* Begin PBXFrameworksBuildPhase section */
		0E62F4AD27EEC973009EC224 /* Frameworks */ = {
			isa = PBXFrameworksBuildPhase;
			buildActionMask = 2147483647;
			files = (
				0E4655A527F01F220024059C /* IQKeyboardManagerSwift in Frameworks */,
			);
			runOnlyForDeploymentPostprocessing = 0;
		};
/* End PBXFrameworksBuildPhase section */

/* Begin PBXGroup section */
		0E1FA39727EF1D5600372F34 /* AddNewNoteView */ = {
			isa = PBXGroup;
			children = (
				0E1FA39827EF1D6B00372F34 /* AddNewNoteView.swift */,
			);
			path = AddNewNoteView;
			sourceTree = "<group>";
		};
		0E46559F27F013390024059C /* Components */ = {
			isa = PBXGroup;
			children = (
				0EA6EDDC28014B6B001C9676 /* VerticalIndicatorView */,
				0E4655A027F013410024059C /* TextView */,
			);
			path = Components;
			sourceTree = "<group>";
		};
		0E4655A027F013410024059C /* TextView */ = {
			isa = PBXGroup;
			children = (
				0E4655A127F0136E0024059C /* TextInputView.swift */,
			);
			path = TextView;
			sourceTree = "<group>";
		};
		0E62F4A727EEC973009EC224 = {
			isa = PBXGroup;
			children = (
				0E62F4B227EEC973009EC224 /* NoteTaking */,
				0E62F4B127EEC973009EC224 /* Products */,
			);
			sourceTree = "<group>";
		};
		0E62F4B127EEC973009EC224 /* Products */ = {
			isa = PBXGroup;
			children = (
				0E62F4B027EEC973009EC224 /* NoteTaking.app */,
			);
			name = Products;
			sourceTree = "<group>";
		};
		0E62F4B227EEC973009EC224 /* NoteTaking */ = {
			isa = PBXGroup;
			children = (
				0E46559F27F013390024059C /* Components */,
				0E62F4D127EEE0BF009EC224 /* ViewModels */,
				0E62F4CB27EED832009EC224 /* Models */,
				0E62F4C527EECEB8009EC224 /* Utils */,
				0E62F4C127EEC9F9009EC224 /* Views */,
				0E62F4B327EEC973009EC224 /* NoteTakingApp.swift */,
				0E62F4B727EEC976009EC224 /* Assets.xcassets */,
				0E62F4B927EEC976009EC224 /* Preview Content */,
			);
			path = NoteTaking;
			sourceTree = "<group>";
		};
		0E62F4B927EEC976009EC224 /* Preview Content */ = {
			isa = PBXGroup;
			children = (
				0E62F4BA27EEC976009EC224 /* Preview Assets.xcassets */,
			);
			path = "Preview Content";
			sourceTree = "<group>";
		};
		0E62F4C127EEC9F9009EC224 /* Views */ = {
			isa = PBXGroup;
			children = (
				0E1FA39727EF1D5600372F34 /* AddNewNoteView */,
				0E62F4D427EEE7C8009EC224 /* ChildViews */,
				0E62F4C227EECA05009EC224 /* HomeView */,
			);
			path = Views;
			sourceTree = "<group>";
		};
		0E62F4C227EECA05009EC224 /* HomeView */ = {
			isa = PBXGroup;
			children = (
				0E62F4C327EECA0F009EC224 /* HomeView.swift */,
			);
			path = HomeView;
			sourceTree = "<group>";
		};
		0E62F4C527EECEB8009EC224 /* Utils */ = {
			isa = PBXGroup;
			children = (
				0E62F4C627EECEC8009EC224 /* Colors.swift */,
				0E62F4C827EED0ED009EC224 /* Extensions */,
			);
			path = Utils;
			sourceTree = "<group>";
		};
		0E62F4C827EED0ED009EC224 /* Extensions */ = {
			isa = PBXGroup;
			children = (
				0E62F4C927EED0FB009EC224 /* ColorExtension.swift */,
				0E4655A627F02C0B0024059C /* UITextViewExtensions.swift */,
				0EA6EDD6280131C9001C9676 /* ViewExtensions.swift */,
			);
			path = Extensions;
			sourceTree = "<group>";
		};
		0E62F4CB27EED832009EC224 /* Models */ = {
			isa = PBXGroup;
			children = (
				0E62F4CC27EED97D009EC224 /* NoteModel */,
			);
			path = Models;
			sourceTree = "<group>";
		};
		0E62F4CC27EED97D009EC224 /* NoteModel */ = {
			isa = PBXGroup;
			children = (
				0E62F4CD27EEDA7F009EC224 /* GroupNoteModel.swift */,
				0E62F4CF27EEDB14009EC224 /* NoteModel.swift */,
			);
			path = NoteModel;
			sourceTree = "<group>";
		};
		0E62F4D127EEE0BF009EC224 /* ViewModels */ = {
			isa = PBXGroup;
			children = (
				0EA6EDD828013404001C9676 /* AddNewNoteViewModel */,
				0EA6EDDB2801341D001C9676 /* HomeViewModel */,
			);
			path = ViewModels;
			sourceTree = "<group>";
		};
		0E62F4D427EEE7C8009EC224 /* ChildViews */ = {
			isa = PBXGroup;
			children = (
				0E62F4D527EEE7D6009EC224 /* GroupNoteView */,
			);
			path = ChildViews;
			sourceTree = "<group>";
		};
		0E62F4D527EEE7D6009EC224 /* GroupNoteView */ = {
			isa = PBXGroup;
			children = (
				0E62F4D627EEE7E6009EC224 /* GroupNoteView.swift */,
			);
			path = GroupNoteView;
			sourceTree = "<group>";
		};
		0EA6EDD828013404001C9676 /* AddNewNoteViewModel */ = {
			isa = PBXGroup;
			children = (
				0EA6EDD928013417001C9676 /* AddNewNoteViewModel.swift */,
			);
			path = AddNewNoteViewModel;
			sourceTree = "<group>";
		};
		0EA6EDDB2801341D001C9676 /* HomeViewModel */ = {
			isa = PBXGroup;
			children = (
				0E62F4D227EEE0D0009EC224 /* HomeViewModel.swift */,
			);
			path = HomeViewModel;
			sourceTree = "<group>";
		};
		0EA6EDDC28014B6B001C9676 /* VerticalIndicatorView */ = {
			isa = PBXGroup;
			children = (
				0EA6EDDD28014B7C001C9676 /* VerticalIndicatorView.swift */,
			);
			path = VerticalIndicatorView;
			sourceTree = "<group>";
		};
/* End PBXGroup section */

/* Begin PBXNativeTarget section */
		0E62F4AF27EEC973009EC224 /* NoteTaking */ = {
			isa = PBXNativeTarget;
			buildConfigurationList = 0E62F4BE27EEC976009EC224 /* Build configuration list for PBXNativeTarget "NoteTaking" */;
			buildPhases = (
				0E62F4AC27EEC973009EC224 /* Sources */,
				0E62F4AD27EEC973009EC224 /* Frameworks */,
				0E62F4AE27EEC973009EC224 /* Resources */,
			);
			buildRules = (
			);
			dependencies = (
			);
			name = NoteTaking;
			packageProductDependencies = (
				0E4655A427F01F220024059C /* IQKeyboardManagerSwift */,
			);
			productName = NoteTaking;
			productReference = 0E62F4B027EEC973009EC224 /* NoteTaking.app */;
			productType = "com.apple.product-type.application";
		};
/* End PBXNativeTarget section */

/* Begin PBXProject section */
		0E62F4A827EEC973009EC224 /* Project object */ = {
			isa = PBXProject;
			attributes = {
				BuildIndependentTargetsInParallel = 1;
				LastSwiftUpdateCheck = 1330;
				LastUpgradeCheck = 1330;
				TargetAttributes = {
					0E62F4AF27EEC973009EC224 = {
						CreatedOnToolsVersion = 13.3;
					};
				};
			};
			buildConfigurationList = 0E62F4AB27EEC973009EC224 /* Build configuration list for PBXProject "NoteTaking" */;
			compatibilityVersion = "Xcode 13.0";
			developmentRegion = en;
			hasScannedForEncodings = 0;
			knownRegions = (
				en,
				Base,
			);
			mainGroup = 0E62F4A727EEC973009EC224;
			packageReferences = (
				0E4655A327F01F220024059C /* XCRemoteSwiftPackageReference "IQKeyboardManager" */,
			);
			productRefGroup = 0E62F4B127EEC973009EC224 /* Products */;
			projectDirPath = "";
			projectRoot = "";
			targets = (
				0E62F4AF27EEC973009EC224 /* NoteTaking */,
			);
		};
/* End PBXProject section */

/* Begin PBXResourcesBuildPhase section */
		0E62F4AE27EEC973009EC224 /* Resources */ = {
			isa = PBXResourcesBuildPhase;
			buildActionMask = 2147483647;
			files = (
				0E62F4BB27EEC976009EC224 /* Preview Assets.xcassets in Resources */,
				0E62F4B827EEC976009EC224 /* Assets.xcassets in Resources */,
			);
			runOnlyForDeploymentPostprocessing = 0;
		};
/* End PBXResourcesBuildPhase section */

/* Begin PBXSourcesBuildPhase section */
		0E62F4AC27EEC973009EC224 /* Sources */ = {
			isa = PBXSourcesBuildPhase;
			buildActionMask = 2147483647;
			files = (
				0E4655A227F0136E0024059C /* TextInputView.swift in Sources */,
				0E62F4CE27EEDA7F009EC224 /* GroupNoteModel.swift in Sources */,
				0EA6EDDA28013417001C9676 /* AddNewNoteViewModel.swift in Sources */,
				0E62F4D027EEDB14009EC224 /* NoteModel.swift in Sources */,
				0E1FA39927EF1D6B00372F34 /* AddNewNoteView.swift in Sources */,
				0E62F4D327EEE0D0009EC224 /* HomeViewModel.swift in Sources */,
				0E62F4C427EECA0F009EC224 /* HomeView.swift in Sources */,
				0E62F4D727EEE7E6009EC224 /* GroupNoteView.swift in Sources */,
				0EA6EDDE28014B7C001C9676 /* VerticalIndicatorView.swift in Sources */,
				0E62F4C727EECEC8009EC224 /* Colors.swift in Sources */,
				0E62F4B427EEC973009EC224 /* NoteTakingApp.swift in Sources */,
				0E62F4CA27EED0FB009EC224 /* ColorExtension.swift in Sources */,
				0EA6EDD7280131C9001C9676 /* ViewExtensions.swift in Sources */,
				0E4655A727F02C0B0024059C /* UITextViewExtensions.swift in Sources */,
			);
			runOnlyForDeploymentPostprocessing = 0;
		};
/* End PBXSourcesBuildPhase section */

/* Begin XCBuildConfiguration section */
		0E62F4BC27EEC976009EC224 /* Debug */ = {
			isa = XCBuildConfiguration;
			buildSettings = {
				ALWAYS_SEARCH_USER_PATHS = NO;
				CLANG_ANALYZER_NONNULL = YES;
				CLANG_ANALYZER_NUMBER_OBJECT_CONVERSION = YES_AGGRESSIVE;
				CLANG_CXX_LANGUAGE_STANDARD = "gnu++17";
				CLANG_ENABLE_MODULES = YES;
				CLANG_ENABLE_OBJC_ARC = YES;
				CLANG_ENABLE_OBJC_WEAK = YES;
				CLANG_WARN_BLOCK_CAPTURE_AUTORELEASING = YES;
				CLANG_WARN_BOOL_CONVERSION = YES;
				CLANG_WARN_COMMA = YES;
				CLANG_WARN_CONSTANT_CONVERSION = YES;
				CLANG_WARN_DEPRECATED_OBJC_IMPLEMENTATIONS = YES;
				CLANG_WARN_DIRECT_OBJC_ISA_USAGE = YES_ERROR;
				CLANG_WARN_DOCUMENTATION_COMMENTS = YES;
				CLANG_WARN_EMPTY_BODY = YES;
				CLANG_WARN_ENUM_CONVERSION = YES;
				CLANG_WARN_INFINITE_RECURSION = YES;
				CLANG_WARN_INT_CONVERSION = YES;
				CLANG_WARN_NON_LITERAL_NULL_CONVERSION = YES;
				CLANG_WARN_OBJC_IMPLICIT_RETAIN_SELF = YES;
				CLANG_WARN_OBJC_LITERAL_CONVERSION = YES;
				CLANG_WARN_OBJC_ROOT_CLASS = YES_ERROR;
				CLANG_WARN_QUOTED_INCLUDE_IN_FRAMEWORK_HEADER = YES;
				CLANG_WARN_RANGE_LOOP_ANALYSIS = YES;
				CLANG_WARN_STRICT_PROTOTYPES = YES;
				CLANG_WARN_SUSPICIOUS_MOVE = YES;
				CLANG_WARN_UNGUARDED_AVAILABILITY = YES_AGGRESSIVE;
				CLANG_WARN_UNREACHABLE_CODE = YES;
				CLANG_WARN__DUPLICATE_METHOD_MATCH = YES;
				COPY_PHASE_STRIP = NO;
				DEBUG_INFORMATION_FORMAT = dwarf;
				ENABLE_STRICT_OBJC_MSGSEND = YES;
				ENABLE_TESTABILITY = YES;
				GCC_C_LANGUAGE_STANDARD = gnu11;
				GCC_DYNAMIC_NO_PIC = NO;
				GCC_NO_COMMON_BLOCKS = YES;
				GCC_OPTIMIZATION_LEVEL = 0;
				GCC_PREPROCESSOR_DEFINITIONS = (
					"DEBUG=1",
					"$(inherited)",
				);
				GCC_WARN_64_TO_32_BIT_CONVERSION = YES;
				GCC_WARN_ABOUT_RETURN_TYPE = YES_ERROR;
				GCC_WARN_UNDECLARED_SELECTOR = YES;
				GCC_WARN_UNINITIALIZED_AUTOS = YES_AGGRESSIVE;
				GCC_WARN_UNUSED_FUNCTION = YES;
				GCC_WARN_UNUSED_VARIABLE = YES;
				IPHONEOS_DEPLOYMENT_TARGET = 15.4;
				MTL_ENABLE_DEBUG_INFO = INCLUDE_SOURCE;
				MTL_FAST_MATH = YES;
				ONLY_ACTIVE_ARCH = YES;
				SDKROOT = iphoneos;
				SWIFT_ACTIVE_COMPILATION_CONDITIONS = DEBUG;
				SWIFT_OPTIMIZATION_LEVEL = "-Onone";
			};
			name = Debug;
		};
		0E62F4BD27EEC976009EC224 /* Release */ = {
			isa = XCBuildConfiguration;
			buildSettings = {
				ALWAYS_SEARCH_USER_PATHS = NO;
				CLANG_ANALYZER_NONNULL = YES;
				CLANG_ANALYZER_NUMBER_OBJECT_CONVERSION = YES_AGGRESSIVE;
				CLANG_CXX_LANGUAGE_STANDARD = "gnu++17";
				CLANG_ENABLE_MODULES = YES;
				CLANG_ENABLE_OBJC_ARC = YES;
				CLANG_ENABLE_OBJC_WEAK = YES;
				CLANG_WARN_BLOCK_CAPTURE_AUTORELEASING = YES;
				CLANG_WARN_BOOL_CONVERSION = YES;
				CLANG_WARN_COMMA = YES;
				CLANG_WARN_CONSTANT_CONVERSION = YES;
				CLANG_WARN_DEPRECATED_OBJC_IMPLEMENTATIONS = YES;
				CLANG_WARN_DIRECT_OBJC_ISA_USAGE = YES_ERROR;
				CLANG_WARN_DOCUMENTATION_COMMENTS = YES;
				CLANG_WARN_EMPTY_BODY = YES;
				CLANG_WARN_ENUM_CONVERSION = YES;
				CLANG_WARN_INFINITE_RECURSION = YES;
				CLANG_WARN_INT_CONVERSION = YES;
				CLANG_WARN_NON_LITERAL_NULL_CONVERSION = YES;
				CLANG_WARN_OBJC_IMPLICIT_RETAIN_SELF = YES;
				CLANG_WARN_OBJC_LITERAL_CONVERSION = YES;
				CLANG_WARN_OBJC_ROOT_CLASS = YES_ERROR;
				CLANG_WARN_QUOTED_INCLUDE_IN_FRAMEWORK_HEADER = YES;
				CLANG_WARN_RANGE_LOOP_ANALYSIS = YES;
				CLANG_WARN_STRICT_PROTOTYPES = YES;
				CLANG_WARN_SUSPICIOUS_MOVE = YES;
				CLANG_WARN_UNGUARDED_AVAILABILITY = YES_AGGRESSIVE;
				CLANG_WARN_UNREACHABLE_CODE = YES;
				CLANG_WARN__DUPLICATE_METHOD_MATCH = YES;
				COPY_PHASE_STRIP = NO;
				DEBUG_INFORMATION_FORMAT = "dwarf-with-dsym";
				ENABLE_NS_ASSERTIONS = NO;
				ENABLE_STRICT_OBJC_MSGSEND = YES;
				GCC_C_LANGUAGE_STANDARD = gnu11;
				GCC_NO_COMMON_BLOCKS = YES;
				GCC_WARN_64_TO_32_BIT_CONVERSION = YES;
				GCC_WARN_ABOUT_RETURN_TYPE = YES_ERROR;
				GCC_WARN_UNDECLARED_SELECTOR = YES;
				GCC_WARN_UNINITIALIZED_AUTOS = YES_AGGRESSIVE;
				GCC_WARN_UNUSED_FUNCTION = YES;
				GCC_WARN_UNUSED_VARIABLE = YES;
				IPHONEOS_DEPLOYMENT_TARGET = 15.4;
				MTL_ENABLE_DEBUG_INFO = NO;
				MTL_FAST_MATH = YES;
				SDKROOT = iphoneos;
				SWIFT_COMPILATION_MODE = wholemodule;
				SWIFT_OPTIMIZATION_LEVEL = "-O";
				VALIDATE_PRODUCT = YES;
			};
			name = Release;
		};
		0E62F4BF27EEC976009EC224 /* Debug */ = {
			isa = XCBuildConfiguration;
			buildSettings = {
				ASSETCATALOG_COMPILER_APPICON_NAME = AppIcon;
				ASSETCATALOG_COMPILER_GLOBAL_ACCENT_COLOR_NAME = AccentColor;
				CODE_SIGN_STYLE = Automatic;
				CURRENT_PROJECT_VERSION = 1;
				DEVELOPMENT_ASSET_PATHS = "\"NoteTaking/Preview Content\"";
				DEVELOPMENT_TEAM = LRKSJFWZFK;
				ENABLE_PREVIEWS = YES;
				GENERATE_INFOPLIST_FILE = YES;
				INFOPLIST_KEY_UIApplicationSceneManifest_Generation = YES;
				INFOPLIST_KEY_UIApplicationSupportsIndirectInputEvents = YES;
				INFOPLIST_KEY_UILaunchScreen_Generation = YES;
				INFOPLIST_KEY_UISupportedInterfaceOrientations_iPad = "UIInterfaceOrientationPortrait UIInterfaceOrientationPortraitUpsideDown UIInterfaceOrientationLandscapeLeft UIInterfaceOrientationLandscapeRight";
				INFOPLIST_KEY_UISupportedInterfaceOrientations_iPhone = "UIInterfaceOrientationPortrait UIInterfaceOrientationLandscapeLeft UIInterfaceOrientationLandscapeRight";
				IPHONEOS_DEPLOYMENT_TARGET = 14.0;
				LD_RUNPATH_SEARCH_PATHS = (
					"$(inherited)",
					"@executable_path/Frameworks",
				);
				MARKETING_VERSION = 1.0;
				PRODUCT_BUNDLE_IDENTIFIER = com.hungnguyen.NoteTaking;
				PRODUCT_NAME = "$(TARGET_NAME)";
				SWIFT_EMIT_LOC_STRINGS = YES;
				SWIFT_VERSION = 5.0;
				TARGETED_DEVICE_FAMILY = "1,2";
			};
			name = Debug;
		};
		0E62F4C027EEC976009EC224 /* Release */ = {
			isa = XCBuildConfiguration;
			buildSettings = {
				ASSETCATALOG_COMPILER_APPICON_NAME = AppIcon;
				ASSETCATALOG_COMPILER_GLOBAL_ACCENT_COLOR_NAME = AccentColor;
				CODE_SIGN_STYLE = Automatic;
				CURRENT_PROJECT_VERSION = 1;
				DEVELOPMENT_ASSET_PATHS = "\"NoteTaking/Preview Content\"";
				DEVELOPMENT_TEAM = LRKSJFWZFK;
				ENABLE_PREVIEWS = YES;
				GENERATE_INFOPLIST_FILE = YES;
				INFOPLIST_KEY_UIApplicationSceneManifest_Generation = YES;
				INFOPLIST_KEY_UIApplicationSupportsIndirectInputEvents = YES;
				INFOPLIST_KEY_UILaunchScreen_Generation = YES;
				INFOPLIST_KEY_UISupportedInterfaceOrientations_iPad = "UIInterfaceOrientationPortrait UIInterfaceOrientationPortraitUpsideDown UIInterfaceOrientationLandscapeLeft UIInterfaceOrientationLandscapeRight";
				INFOPLIST_KEY_UISupportedInterfaceOrientations_iPhone = "UIInterfaceOrientationPortrait UIInterfaceOrientationLandscapeLeft UIInterfaceOrientationLandscapeRight";
				IPHONEOS_DEPLOYMENT_TARGET = 14.0;
				LD_RUNPATH_SEARCH_PATHS = (
					"$(inherited)",
					"@executable_path/Frameworks",
				);
				MARKETING_VERSION = 1.0;
				PRODUCT_BUNDLE_IDENTIFIER = com.hungnguyen.NoteTaking;
				PRODUCT_NAME = "$(TARGET_NAME)";
				SWIFT_EMIT_LOC_STRINGS = YES;
				SWIFT_VERSION = 5.0;
				TARGETED_DEVICE_FAMILY = "1,2";
			};
			name = Release;
		};
/* End XCBuildConfiguration section */

/* Begin XCConfigurationList section */
		0E62F4AB27EEC973009EC224 /* Build configuration list for PBXProject "NoteTaking" */ = {
			isa = XCConfigurationList;
			buildConfigurations = (
				0E62F4BC27EEC976009EC224 /* Debug */,
				0E62F4BD27EEC976009EC224 /* Release */,
			);
			defaultConfigurationIsVisible = 0;
			defaultConfigurationName = Release;
		};
		0E62F4BE27EEC976009EC224 /* Build configuration list for PBXNativeTarget "NoteTaking" */ = {
			isa = XCConfigurationList;
			buildConfigurations = (
				0E62F4BF27EEC976009EC224 /* Debug */,
				0E62F4C027EEC976009EC224 /* Release */,
			);
			defaultConfigurationIsVisible = 0;
			defaultConfigurationName = Release;
		};
/* End XCConfigurationList section */

/* Begin XCRemoteSwiftPackageReference section */
		0E4655A327F01F220024059C /* XCRemoteSwiftPackageReference "IQKeyboardManager" */ = {
			isa = XCRemoteSwiftPackageReference;
			repositoryURL = "https://github.com/hackiftekhar/IQKeyboardManager.git";
			requirement = {
				kind = versionRange;
				maximumVersion = 6.5.9;
				minimumVersion = 6.5.0;
			};
		};
/* End XCRemoteSwiftPackageReference section */

/* Begin XCSwiftPackageProductDependency section */
		0E4655A427F01F220024059C /* IQKeyboardManagerSwift */ = {
			isa = XCSwiftPackageProductDependency;
			package = 0E4655A327F01F220024059C /* XCRemoteSwiftPackageReference "IQKeyboardManager" */;
			productName = IQKeyboardManagerSwift;
		};
/* End XCSwiftPackageProductDependency section */
	};
	rootObject = 0E62F4A827EEC973009EC224 /* Project object */;
}
